
Microsoft Visual Studio Solution File, Format Version 12.00
# Visual Studio Version 17
VisualStudioVersion = 17.3.32825.248
MinimumVisualStudioVersion = 10.0.40219.1
Project("{9A19103F-16F7-4668-BE54-9A1E7A4F7556}") = "LOTR-Client", "LOTR-Client\LOTR-Client.csproj", "{CEC336FB-C36E-4A07-BB4F-193C9E9CD876}"
EndProject
Project("{9A19103F-16F7-4668-BE54-9A1E7A4F7556}") = "LOTRSdk", "LOTR-SDK\LOTRSdk\LOTRSdk.csproj", "{CD1257B3-49EF-4583-A75D-5D1965E58C66}"
EndProject
Project("{FAE04EC0-301F-11D3-BF4B-00C04F79EFBC}") = "LOTRSdk-Tests", "LOTRSdk-Tests\LOTRSdk-Tests.csproj", "{59443CCD-19A5-403D-A322-F50ABABBFA71}"
EndProject
Global
	GlobalSection(SolutionConfigurationPlatforms) = preSolution
		Debug|Any CPU = Debug|Any CPU
		Release|Any CPU = Release|Any CPU
	EndGlobalSection
	GlobalSection(ProjectConfigurationPlatforms) = postSolution
		{CEC336FB-C36E-4A07-BB4F-193C9E9CD876}.Debug|Any CPU.ActiveCfg = Debug|Any CPU
		{CEC336FB-C36E-4A07-BB4F-193C9E9CD876}.Debug|Any CPU.Build.0 = Debug|Any CPU
		{CEC336FB-C36E-4A07-BB4F-193C9E9CD876}.Release|Any CPU.ActiveCfg = Release|Any CPU
		{CEC336FB-C36E-4A07-BB4F-193C9E9CD876}.Release|Any CPU.Build.0 = Release|Any CPU
		{CD1257B3-49EF-4583-A75D-5D1965E58C66}.Debug|Any CPU.ActiveCfg = Debug|Any CPU
		{CD1257B3-49EF-4583-A75D-5D1965E58C66}.Debug|Any CPU.Build.0 = Debug|Any CPU
		{CD1257B3-49EF-4583-A75D-5D1965E58C66}.Release|Any CPU.ActiveCfg = Release|Any CPU
		{CD1257B3-49EF-4583-A75D-5D1965E58C66}.Release|Any CPU.Build.0 = Release|Any CPU
		{59443CCD-19A5-403D-A322-F50ABABBFA71}.Debug|Any CPU.ActiveCfg = Debug|Any CPU
		{59443CCD-19A5-403D-A322-F50ABABBFA71}.Debug|Any CPU.Build.0 = Debug|Any CPU
		{59443CCD-19A5-403D-A322-F50ABABBFA71}.Release|Any CPU.ActiveCfg = Release|Any CPU
		{59443CCD-19A5-403D-A322-F50ABABBFA71}.Release|Any CPU.Build.0 = Release|Any CPU
	EndGlobalSection
	GlobalSection(SolutionProperties) = preSolution
		HideSolutionNode = FALSE
	EndGlobalSection
	GlobalSection(ExtensibilityGlobals) = postSolution
		SolutionGuid = {8A66BBC0-9A3D-48D2-9DE8-E598344592B2}
	EndGlobalSection
EndGlobal
